
Microsoft Visual Studio Solution File, Format Version 12.00
# Visual Studio Version 16
VisualStudioVersion = 16.0.31112.23
MinimumVisualStudioVersion = 10.0.40219.1
Project("{FAE04EC0-301F-11D3-BF4B-00C04F79EFBC}") = "CustomDataStructures", "CustomDataStructures\CustomDataStructures.csproj", "{68E0AC28-CBFF-454A-9046-14D3D62AB248}"
EndProject
Global
	GlobalSection(SolutionConfigurationPlatforms) = preSolution
		Debug|Any CPU = Debug|Any CPU
		Release|Any CPU = Release|Any CPU
	EndGlobalSection
	GlobalSection(ProjectConfigurationPlatforms) = postSolution
		{68E0AC28-CBFF-454A-9046-14D3D62AB248}.Debug|Any CPU.ActiveCfg = Debug|Any CPU
		{68E0AC28-CBFF-454A-9046-14D3D62AB248}.Debug|Any CPU.Build.0 = Debug|Any CPU
		{68E0AC28-CBFF-454A-9046-14D3D62AB248}.Release|Any CPU.ActiveCfg = Release|Any CPU
		{68E0AC28-CBFF-454A-9046-14D3D62AB248}.Release|Any CPU.Build.0 = Release|Any CPU
	EndGlobalSection
	GlobalSection(SolutionProperties) = preSolution
		HideSolutionNode = FALSE
	EndGlobalSection
	GlobalSection(ExtensibilityGlobals) = postSolution
		SolutionGuid = {0BD5A22E-3D29-41AA-A762-F260CE9586BE}
	EndGlobalSection
EndGlobal
