
Microsoft Visual Studio Solution File, Format Version 12.00
# Visual Studio Version 16
VisualStudioVersion = 16.0.31112.23
MinimumVisualStudioVersion = 10.0.40219.1
Project("{FAE04EC0-301F-11D3-BF4B-00C04F79EFBC}") = "IteratorsAndComparators", "IteratorsAndComparators\IteratorsAndComparators.csproj", "{1A8B5A39-32F7-422A-A8AF-A34E07D1BDEF}"
EndProject
Global
	GlobalSection(SolutionConfigurationPlatforms) = preSolution
		Debug|Any CPU = Debug|Any CPU
		Release|Any CPU = Release|Any CPU
	EndGlobalSection
	GlobalSection(ProjectConfigurationPlatforms) = postSolution
		{1A8B5A39-32F7-422A-A8AF-A34E07D1BDEF}.Debug|Any CPU.ActiveCfg = Debug|Any CPU
		{1A8B5A39-32F7-422A-A8AF-A34E07D1BDEF}.Debug|Any CPU.Build.0 = Debug|Any CPU
		{1A8B5A39-32F7-422A-A8AF-A34E07D1BDEF}.Release|Any CPU.ActiveCfg = Release|Any CPU
		{1A8B5A39-32F7-422A-A8AF-A34E07D1BDEF}.Release|Any CPU.Build.0 = Release|Any CPU
	EndGlobalSection
	GlobalSection(SolutionProperties) = preSolution
		HideSolutionNode = FALSE
	EndGlobalSection
	GlobalSection(ExtensibilityGlobals) = postSolution
		SolutionGuid = {2592B3A6-4E43-4388-96DA-3CF43CC9AF67}
	EndGlobalSection
EndGlobal
