
Microsoft Visual Studio Solution File, Format Version 12.00
# Visual Studio Version 16
VisualStudioVersion = 16.0.31112.23
MinimumVisualStudioVersion = 10.0.40219.1
Project("{9A19103F-16F7-4668-BE54-9A1E7A4F7556}") = "BasicStackOperations", "BasicStackOperations\BasicStackOperations.csproj", "{C33422EB-EB10-45FF-B0B1-2B586579969D}"
EndProject
Project("{9A19103F-16F7-4668-BE54-9A1E7A4F7556}") = "BasicQueueOperations", "BasicQueueOperations\BasicQueueOperations.csproj", "{28758784-6834-48E7-A1E5-1E885DE748E8}"
EndProject
Project("{9A19103F-16F7-4668-BE54-9A1E7A4F7556}") = "MaximumAndMinimumElement", "MaximumAndMinimumElement\MaximumAndMinimumElement.csproj", "{BC3A8104-73A0-4122-968F-E8C419E9ADCD}"
EndProject
Project("{9A19103F-16F7-4668-BE54-9A1E7A4F7556}") = "FastFood", "FastFood\FastFood.csproj", "{1B365184-2BD5-48F4-BB8D-EC59B4506FE6}"
EndProject
Project("{9A19103F-16F7-4668-BE54-9A1E7A4F7556}") = "FashionBoutique", "FashionBoutique\FashionBoutique.csproj", "{23B399F7-BFE4-40DC-8AA6-F4DCA05D4427}"
EndProject
Project("{9A19103F-16F7-4668-BE54-9A1E7A4F7556}") = "SongsQueue", "SongsQueue\SongsQueue.csproj", "{769C8C3E-60F7-48F7-AF29-281EE45BCA40}"
EndProject
Project("{9A19103F-16F7-4668-BE54-9A1E7A4F7556}") = "TruckProject", "TruckProject\TruckProject.csproj", "{3DCC6FF9-6E0A-4BA1-BE5A-A7F3C8EEB095}"
EndProject
Project("{FAE04EC0-301F-11D3-BF4B-00C04F79EFBC}") = "BalancedParenthesis", "BalancedParenthesis\BalancedParenthesis.csproj", "{0DB7E9EA-7D5C-45EC-85A6-C45E93A49910}"
EndProject
Project("{FAE04EC0-301F-11D3-BF4B-00C04F79EFBC}") = "SimpleTextEditor", "SimpleTextEditor\SimpleTextEditor.csproj", "{7639BBB2-A816-4F29-AED4-0B2265792018}"
EndProject
Project("{FAE04EC0-301F-11D3-BF4B-00C04F79EFBC}") = "Crossroads", "Crossroads\Crossroads.csproj", "{843EF917-9459-4712-82B3-DACC7CBD8F1E}"
EndProject
Project("{FAE04EC0-301F-11D3-BF4B-00C04F79EFBC}") = "KeyRevolver", "KeyRevolver\KeyRevolver.csproj", "{2BB9E56F-FAE7-4403-9F09-6E65BC71FD0C}"
EndProject
Project("{FAE04EC0-301F-11D3-BF4B-00C04F79EFBC}") = "CupsAndBottles", "CupsAndBottles\CupsAndBottles.csproj", "{7FB85F93-BB9E-4C82-8ACF-D448B9ABFB53}"
EndProject
Global
	GlobalSection(SolutionConfigurationPlatforms) = preSolution
		Debug|Any CPU = Debug|Any CPU
		Release|Any CPU = Release|Any CPU
	EndGlobalSection
	GlobalSection(ProjectConfigurationPlatforms) = postSolution
		{C33422EB-EB10-45FF-B0B1-2B586579969D}.Debug|Any CPU.ActiveCfg = Debug|Any CPU
		{C33422EB-EB10-45FF-B0B1-2B586579969D}.Debug|Any CPU.Build.0 = Debug|Any CPU
		{C33422EB-EB10-45FF-B0B1-2B586579969D}.Release|Any CPU.ActiveCfg = Release|Any CPU
		{C33422EB-EB10-45FF-B0B1-2B586579969D}.Release|Any CPU.Build.0 = Release|Any CPU
		{28758784-6834-48E7-A1E5-1E885DE748E8}.Debug|Any CPU.ActiveCfg = Debug|Any CPU
		{28758784-6834-48E7-A1E5-1E885DE748E8}.Debug|Any CPU.Build.0 = Debug|Any CPU
		{28758784-6834-48E7-A1E5-1E885DE748E8}.Release|Any CPU.ActiveCfg = Release|Any CPU
		{28758784-6834-48E7-A1E5-1E885DE748E8}.Release|Any CPU.Build.0 = Release|Any CPU
		{BC3A8104-73A0-4122-968F-E8C419E9ADCD}.Debug|Any CPU.ActiveCfg = Debug|Any CPU
		{BC3A8104-73A0-4122-968F-E8C419E9ADCD}.Debug|Any CPU.Build.0 = Debug|Any CPU
		{BC3A8104-73A0-4122-968F-E8C419E9ADCD}.Release|Any CPU.ActiveCfg = Release|Any CPU
		{BC3A8104-73A0-4122-968F-E8C419E9ADCD}.Release|Any CPU.Build.0 = Release|Any CPU
		{1B365184-2BD5-48F4-BB8D-EC59B4506FE6}.Debug|Any CPU.ActiveCfg = Debug|Any CPU
		{1B365184-2BD5-48F4-BB8D-EC59B4506FE6}.Debug|Any CPU.Build.0 = Debug|Any CPU
		{1B365184-2BD5-48F4-BB8D-EC59B4506FE6}.Release|Any CPU.ActiveCfg = Release|Any CPU
		{1B365184-2BD5-48F4-BB8D-EC59B4506FE6}.Release|Any CPU.Build.0 = Release|Any CPU
		{23B399F7-BFE4-40DC-8AA6-F4DCA05D4427}.Debug|Any CPU.ActiveCfg = Debug|Any CPU
		{23B399F7-BFE4-40DC-8AA6-F4DCA05D4427}.Debug|Any CPU.Build.0 = Debug|Any CPU
		{23B399F7-BFE4-40DC-8AA6-F4DCA05D4427}.Release|Any CPU.ActiveCfg = Release|Any CPU
		{23B399F7-BFE4-40DC-8AA6-F4DCA05D4427}.Release|Any CPU.Build.0 = Release|Any CPU
		{769C8C3E-60F7-48F7-AF29-281EE45BCA40}.Debug|Any CPU.ActiveCfg = Debug|Any CPU
		{769C8C3E-60F7-48F7-AF29-281EE45BCA40}.Debug|Any CPU.Build.0 = Debug|Any CPU
		{769C8C3E-60F7-48F7-AF29-281EE45BCA40}.Release|Any CPU.ActiveCfg = Release|Any CPU
		{769C8C3E-60F7-48F7-AF29-281EE45BCA40}.Release|Any CPU.Build.0 = Release|Any CPU
		{3DCC6FF9-6E0A-4BA1-BE5A-A7F3C8EEB095}.Debug|Any CPU.ActiveCfg = Debug|Any CPU
		{3DCC6FF9-6E0A-4BA1-BE5A-A7F3C8EEB095}.Debug|Any CPU.Build.0 = Debug|Any CPU
		{3DCC6FF9-6E0A-4BA1-BE5A-A7F3C8EEB095}.Release|Any CPU.ActiveCfg = Release|Any CPU
		{3DCC6FF9-6E0A-4BA1-BE5A-A7F3C8EEB095}.Release|Any CPU.Build.0 = Release|Any CPU
		{0DB7E9EA-7D5C-45EC-85A6-C45E93A49910}.Debug|Any CPU.ActiveCfg = Debug|Any CPU
		{0DB7E9EA-7D5C-45EC-85A6-C45E93A49910}.Debug|Any CPU.Build.0 = Debug|Any CPU
		{0DB7E9EA-7D5C-45EC-85A6-C45E93A49910}.Release|Any CPU.ActiveCfg = Release|Any CPU
		{0DB7E9EA-7D5C-45EC-85A6-C45E93A49910}.Release|Any CPU.Build.0 = Release|Any CPU
		{7639BBB2-A816-4F29-AED4-0B2265792018}.Debug|Any CPU.ActiveCfg = Debug|Any CPU
		{7639BBB2-A816-4F29-AED4-0B2265792018}.Debug|Any CPU.Build.0 = Debug|Any CPU
		{7639BBB2-A816-4F29-AED4-0B2265792018}.Release|Any CPU.ActiveCfg = Release|Any CPU
		{7639BBB2-A816-4F29-AED4-0B2265792018}.Release|Any CPU.Build.0 = Release|Any CPU
		{843EF917-9459-4712-82B3-DACC7CBD8F1E}.Debug|Any CPU.ActiveCfg = Debug|Any CPU
		{843EF917-9459-4712-82B3-DACC7CBD8F1E}.Debug|Any CPU.Build.0 = Debug|Any CPU
		{843EF917-9459-4712-82B3-DACC7CBD8F1E}.Release|Any CPU.ActiveCfg = Release|Any CPU
		{843EF917-9459-4712-82B3-DACC7CBD8F1E}.Release|Any CPU.Build.0 = Release|Any CPU
		{2BB9E56F-FAE7-4403-9F09-6E65BC71FD0C}.Debug|Any CPU.ActiveCfg = Debug|Any CPU
		{2BB9E56F-FAE7-4403-9F09-6E65BC71FD0C}.Debug|Any CPU.Build.0 = Debug|Any CPU
		{2BB9E56F-FAE7-4403-9F09-6E65BC71FD0C}.Release|Any CPU.ActiveCfg = Release|Any CPU
		{2BB9E56F-FAE7-4403-9F09-6E65BC71FD0C}.Release|Any CPU.Build.0 = Release|Any CPU
		{7FB85F93-BB9E-4C82-8ACF-D448B9ABFB53}.Debug|Any CPU.ActiveCfg = Debug|Any CPU
		{7FB85F93-BB9E-4C82-8ACF-D448B9ABFB53}.Debug|Any CPU.Build.0 = Debug|Any CPU
		{7FB85F93-BB9E-4C82-8ACF-D448B9ABFB53}.Release|Any CPU.ActiveCfg = Release|Any CPU
		{7FB85F93-BB9E-4C82-8ACF-D448B9ABFB53}.Release|Any CPU.Build.0 = Release|Any CPU
	EndGlobalSection
	GlobalSection(SolutionProperties) = preSolution
		HideSolutionNode = FALSE
	EndGlobalSection
	GlobalSection(ExtensibilityGlobals) = postSolution
		SolutionGuid = {CEFA5E9A-FC35-4F17-9F10-C3058A737F7E}
	EndGlobalSection
EndGlobal
