
Microsoft Visual Studio Solution File, Format Version 12.00
# Visual Studio Version 16
VisualStudioVersion = 16.0.31424.327
MinimumVisualStudioVersion = 10.0.40219.1
Project("{FAE04EC0-301F-11D3-BF4B-00C04F79EFBC}") = "Shapes", "Shapes\Shapes.csproj", "{939595D0-4C4E-4028-8321-64A3B374687A}"
EndProject
Project("{FAE04EC0-301F-11D3-BF4B-00C04F79EFBC}") = "Cars", "Cars\Cars.csproj", "{33D984BC-E612-4FA7-A4C9-3CEBCE90BB15}"
EndProject
Global
	GlobalSection(SolutionConfigurationPlatforms) = preSolution
		Debug|Any CPU = Debug|Any CPU
		Release|Any CPU = Release|Any CPU
	EndGlobalSection
	GlobalSection(ProjectConfigurationPlatforms) = postSolution
		{939595D0-4C4E-4028-8321-64A3B374687A}.Debug|Any CPU.ActiveCfg = Debug|Any CPU
		{939595D0-4C4E-4028-8321-64A3B374687A}.Debug|Any CPU.Build.0 = Debug|Any CPU
		{939595D0-4C4E-4028-8321-64A3B374687A}.Release|Any CPU.ActiveCfg = Release|Any CPU
		{939595D0-4C4E-4028-8321-64A3B374687A}.Release|Any CPU.Build.0 = Release|Any CPU
		{33D984BC-E612-4FA7-A4C9-3CEBCE90BB15}.Debug|Any CPU.ActiveCfg = Debug|Any CPU
		{33D984BC-E612-4FA7-A4C9-3CEBCE90BB15}.Debug|Any CPU.Build.0 = Debug|Any CPU
		{33D984BC-E612-4FA7-A4C9-3CEBCE90BB15}.Release|Any CPU.ActiveCfg = Release|Any CPU
		{33D984BC-E612-4FA7-A4C9-3CEBCE90BB15}.Release|Any CPU.Build.0 = Release|Any CPU
	EndGlobalSection
	GlobalSection(SolutionProperties) = preSolution
		HideSolutionNode = FALSE
	EndGlobalSection
	GlobalSection(ExtensibilityGlobals) = postSolution
		SolutionGuid = {185504E2-4900-42CA-8B2C-7C9030D3E957}
	EndGlobalSection
EndGlobal
