
Microsoft Visual Studio Solution File, Format Version 12.00
# Visual Studio Version 16
VisualStudioVersion = 16.0.31112.23
MinimumVisualStudioVersion = 10.0.40219.1
Project("{FAE04EC0-301F-11D3-BF4B-00C04F79EFBC}") = "PersonsInfo", "PersonsInfo\PersonsInfo.csproj", "{D899C9C1-7C35-491F-8F43-1BAAEF905C23}"
EndProject
Global
	GlobalSection(SolutionConfigurationPlatforms) = preSolution
		Debug|Any CPU = Debug|Any CPU
		Release|Any CPU = Release|Any CPU
	EndGlobalSection
	GlobalSection(ProjectConfigurationPlatforms) = postSolution
		{D899C9C1-7C35-491F-8F43-1BAAEF905C23}.Debug|Any CPU.ActiveCfg = Debug|Any CPU
		{D899C9C1-7C35-491F-8F43-1BAAEF905C23}.Debug|Any CPU.Build.0 = Debug|Any CPU
		{D899C9C1-7C35-491F-8F43-1BAAEF905C23}.Release|Any CPU.ActiveCfg = Release|Any CPU
		{D899C9C1-7C35-491F-8F43-1BAAEF905C23}.Release|Any CPU.Build.0 = Release|Any CPU
	EndGlobalSection
	GlobalSection(SolutionProperties) = preSolution
		HideSolutionNode = FALSE
	EndGlobalSection
	GlobalSection(ExtensibilityGlobals) = postSolution
		SolutionGuid = {25E7456E-0E63-466D-9C91-C0DC37C8D5C3}
	EndGlobalSection
EndGlobal
