
Microsoft Visual Studio Solution File, Format Version 12.00
# Visual Studio Version 16
VisualStudioVersion = 16.0.31112.23
MinimumVisualStudioVersion = 10.0.40219.1
Project("{FAE04EC0-301F-11D3-BF4B-00C04F79EFBC}") = "01Problem", "01Problem\01Problem.csproj", "{30AE83DA-578F-4776-93BD-310F0780901A}"
EndProject
Project("{FAE04EC0-301F-11D3-BF4B-00C04F79EFBC}") = "02Problem", "02Problem\02Problem.csproj", "{4359A4A0-2E0C-469E-AA18-B457D685528E}"
EndProject
Project("{FAE04EC0-301F-11D3-BF4B-00C04F79EFBC}") = "03Problem", "03Problem\03Problem.csproj", "{DFCBC1F5-92B8-4BFE-B8D1-9FF6491DF2CF}"
EndProject
Global
	GlobalSection(SolutionConfigurationPlatforms) = preSolution
		Debug|Any CPU = Debug|Any CPU
		Release|Any CPU = Release|Any CPU
	EndGlobalSection
	GlobalSection(ProjectConfigurationPlatforms) = postSolution
		{30AE83DA-578F-4776-93BD-310F0780901A}.Debug|Any CPU.ActiveCfg = Debug|Any CPU
		{30AE83DA-578F-4776-93BD-310F0780901A}.Debug|Any CPU.Build.0 = Debug|Any CPU
		{30AE83DA-578F-4776-93BD-310F0780901A}.Release|Any CPU.ActiveCfg = Release|Any CPU
		{30AE83DA-578F-4776-93BD-310F0780901A}.Release|Any CPU.Build.0 = Release|Any CPU
		{4359A4A0-2E0C-469E-AA18-B457D685528E}.Debug|Any CPU.ActiveCfg = Debug|Any CPU
		{4359A4A0-2E0C-469E-AA18-B457D685528E}.Debug|Any CPU.Build.0 = Debug|Any CPU
		{4359A4A0-2E0C-469E-AA18-B457D685528E}.Release|Any CPU.ActiveCfg = Release|Any CPU
		{4359A4A0-2E0C-469E-AA18-B457D685528E}.Release|Any CPU.Build.0 = Release|Any CPU
		{DFCBC1F5-92B8-4BFE-B8D1-9FF6491DF2CF}.Debug|Any CPU.ActiveCfg = Debug|Any CPU
		{DFCBC1F5-92B8-4BFE-B8D1-9FF6491DF2CF}.Debug|Any CPU.Build.0 = Debug|Any CPU
		{DFCBC1F5-92B8-4BFE-B8D1-9FF6491DF2CF}.Release|Any CPU.ActiveCfg = Release|Any CPU
		{DFCBC1F5-92B8-4BFE-B8D1-9FF6491DF2CF}.Release|Any CPU.Build.0 = Release|Any CPU
	EndGlobalSection
	GlobalSection(SolutionProperties) = preSolution
		HideSolutionNode = FALSE
	EndGlobalSection
	GlobalSection(ExtensibilityGlobals) = postSolution
		SolutionGuid = {64330D73-B2DE-409F-AFDB-AA802A53BA66}
	EndGlobalSection
EndGlobal
