
Microsoft Visual Studio Solution File, Format Version 12.00
# Visual Studio Version 16
VisualStudioVersion = 16.0.31112.23
MinimumVisualStudioVersion = 10.0.40219.1
Project("{9A19103F-16F7-4668-BE54-9A1E7A4F7556}") = "ClassBoxData", "ClassBoxData\ClassBoxData.csproj", "{E50BA7FA-D751-4C74-A6A7-6AA1C5A15FBF}"
EndProject
Project("{9A19103F-16F7-4668-BE54-9A1E7A4F7556}") = "AnimalFarm", "AnimalFarm\AnimalFarm.csproj", "{EB2236A8-1910-4389-801D-788392E224CD}"
EndProject
Project("{FAE04EC0-301F-11D3-BF4B-00C04F79EFBC}") = "ShoppingSpree", "ShoppingSpree\ShoppingSpree.csproj", "{8A384F89-E6A4-4026-B213-D01D47FC2C2D}"
EndProject
Project("{FAE04EC0-301F-11D3-BF4B-00C04F79EFBC}") = "PizzaCalories", "PizzaCalories\PizzaCalories.csproj", "{B73F7DF4-17AA-4D67-AA7B-7EFA3DF9106C}"
EndProject
Global
	GlobalSection(SolutionConfigurationPlatforms) = preSolution
		Debug|Any CPU = Debug|Any CPU
		Release|Any CPU = Release|Any CPU
	EndGlobalSection
	GlobalSection(ProjectConfigurationPlatforms) = postSolution
		{E50BA7FA-D751-4C74-A6A7-6AA1C5A15FBF}.Debug|Any CPU.ActiveCfg = Debug|Any CPU
		{E50BA7FA-D751-4C74-A6A7-6AA1C5A15FBF}.Debug|Any CPU.Build.0 = Debug|Any CPU
		{E50BA7FA-D751-4C74-A6A7-6AA1C5A15FBF}.Release|Any CPU.ActiveCfg = Release|Any CPU
		{E50BA7FA-D751-4C74-A6A7-6AA1C5A15FBF}.Release|Any CPU.Build.0 = Release|Any CPU
		{EB2236A8-1910-4389-801D-788392E224CD}.Debug|Any CPU.ActiveCfg = Debug|Any CPU
		{EB2236A8-1910-4389-801D-788392E224CD}.Debug|Any CPU.Build.0 = Debug|Any CPU
		{EB2236A8-1910-4389-801D-788392E224CD}.Release|Any CPU.ActiveCfg = Release|Any CPU
		{EB2236A8-1910-4389-801D-788392E224CD}.Release|Any CPU.Build.0 = Release|Any CPU
		{8A384F89-E6A4-4026-B213-D01D47FC2C2D}.Debug|Any CPU.ActiveCfg = Debug|Any CPU
		{8A384F89-E6A4-4026-B213-D01D47FC2C2D}.Debug|Any CPU.Build.0 = Debug|Any CPU
		{8A384F89-E6A4-4026-B213-D01D47FC2C2D}.Release|Any CPU.ActiveCfg = Release|Any CPU
		{8A384F89-E6A4-4026-B213-D01D47FC2C2D}.Release|Any CPU.Build.0 = Release|Any CPU
		{B73F7DF4-17AA-4D67-AA7B-7EFA3DF9106C}.Debug|Any CPU.ActiveCfg = Debug|Any CPU
		{B73F7DF4-17AA-4D67-AA7B-7EFA3DF9106C}.Debug|Any CPU.Build.0 = Debug|Any CPU
		{B73F7DF4-17AA-4D67-AA7B-7EFA3DF9106C}.Release|Any CPU.ActiveCfg = Release|Any CPU
		{B73F7DF4-17AA-4D67-AA7B-7EFA3DF9106C}.Release|Any CPU.Build.0 = Release|Any CPU
	EndGlobalSection
	GlobalSection(SolutionProperties) = preSolution
		HideSolutionNode = FALSE
	EndGlobalSection
	GlobalSection(ExtensibilityGlobals) = postSolution
		SolutionGuid = {E30F451A-6E77-4C2C-B515-5B4829FBEFC7}
	EndGlobalSection
EndGlobal
